
Microsoft Visual Studio Solution File, Format Version 12.00
# Visual Studio Version 17
VisualStudioVersion = 17.10.35027.167
MinimumVisualStudioVersion = 10.0.40219.1
Project("{FAE04EC0-301F-11D3-BF4B-00C04F79EFBC}") = "Events", "Events.csproj", "{82775636-8BAE-49F6-9811-2103686D4FCF}"
EndProject
Global
	GlobalSection(SolutionConfigurationPlatforms) = preSolution
		Debug|Any CPU = Debug|Any CPU
		Release|Any CPU = Release|Any CPU
	EndGlobalSection
	GlobalSection(ProjectConfigurationPlatforms) = postSolution
		{82775636-8BAE-49F6-9811-2103686D4FCF}.Debug|Any CPU.ActiveCfg = Debug|Any CPU
		{82775636-8BAE-49F6-9811-2103686D4FCF}.Debug|Any CPU.Build.0 = Debug|Any CPU
		{82775636-8BAE-49F6-9811-2103686D4FCF}.Release|Any CPU.ActiveCfg = Release|Any CPU
		{82775636-8BAE-49F6-9811-2103686D4FCF}.Release|Any CPU.Build.0 = Release|Any CPU
	EndGlobalSection
	GlobalSection(SolutionProperties) = preSolution
		HideSolutionNode = FALSE
	EndGlobalSection
	GlobalSection(ExtensibilityGlobals) = postSolution
		SolutionGuid = {54349D37-8721-4F40-B772-256ED0B893A6}
	EndGlobalSection
EndGlobal
